
Microsoft Visual Studio Solution File, Format Version 12.00
# Visual Studio Version 16
VisualStudioVersion = 16.0.31205.134
MinimumVisualStudioVersion = 10.0.40219.1
Project("{9A19103F-16F7-4668-BE54-9A1E7A4F7556}") = "Kros.Generators.Flattening", "src\Kros.Generators.Flattening\Kros.Generators.Flattening.csproj", "{690F1B4E-D46B-4DF7-8123-B0C435D93DA5}"
EndProject
Project("{2150E333-8FDC-42A3-9474-1A3956D46DE8}") = "Solution Items", "Solution Items", "{99AE731E-8AEA-4B94-B28D-FDAD4F20ABD7}"
	ProjectSection(SolutionItems) = preProject
		.editorconfig = .editorconfig
	EndProjectSection
EndProject
Project("{9A19103F-16F7-4668-BE54-9A1E7A4F7556}") = "Kros.Generators.Flattening.Demo", "demo\Kros.Generators.Flattening.Demo\Kros.Generators.Flattening.Demo.csproj", "{88D5B55F-8653-445E-9E5D-03114C47A6B5}"
EndProject
Project("{9A19103F-16F7-4668-BE54-9A1E7A4F7556}") = "Kros.Generators.Flattening.IntegrationTests", "tests\Kros.Generators.Flattening.IntegrationTests\Kros.Generators.Flattening.IntegrationTests.csproj", "{7F1F496A-E672-4E33-BDB5-3CAF65A8B27A}"
EndProject
Global
	GlobalSection(SolutionConfigurationPlatforms) = preSolution
		Debug|Any CPU = Debug|Any CPU
		Release|Any CPU = Release|Any CPU
	EndGlobalSection
	GlobalSection(ProjectConfigurationPlatforms) = postSolution
		{690F1B4E-D46B-4DF7-8123-B0C435D93DA5}.Debug|Any CPU.ActiveCfg = Debug|Any CPU
		{690F1B4E-D46B-4DF7-8123-B0C435D93DA5}.Debug|Any CPU.Build.0 = Debug|Any CPU
		{690F1B4E-D46B-4DF7-8123-B0C435D93DA5}.Release|Any CPU.ActiveCfg = Release|Any CPU
		{690F1B4E-D46B-4DF7-8123-B0C435D93DA5}.Release|Any CPU.Build.0 = Release|Any CPU
		{88D5B55F-8653-445E-9E5D-03114C47A6B5}.Debug|Any CPU.ActiveCfg = Debug|Any CPU
		{88D5B55F-8653-445E-9E5D-03114C47A6B5}.Debug|Any CPU.Build.0 = Debug|Any CPU
		{88D5B55F-8653-445E-9E5D-03114C47A6B5}.Release|Any CPU.ActiveCfg = Release|Any CPU
		{88D5B55F-8653-445E-9E5D-03114C47A6B5}.Release|Any CPU.Build.0 = Release|Any CPU
		{7F1F496A-E672-4E33-BDB5-3CAF65A8B27A}.Debug|Any CPU.ActiveCfg = Debug|Any CPU
		{7F1F496A-E672-4E33-BDB5-3CAF65A8B27A}.Debug|Any CPU.Build.0 = Debug|Any CPU
		{7F1F496A-E672-4E33-BDB5-3CAF65A8B27A}.Release|Any CPU.ActiveCfg = Release|Any CPU
		{7F1F496A-E672-4E33-BDB5-3CAF65A8B27A}.Release|Any CPU.Build.0 = Release|Any CPU
	EndGlobalSection
	GlobalSection(SolutionProperties) = preSolution
		HideSolutionNode = FALSE
	EndGlobalSection
	GlobalSection(ExtensibilityGlobals) = postSolution
		SolutionGuid = {A959B96C-D31F-4855-A1A3-CE7630B13B4F}
	EndGlobalSection
EndGlobal
